
Microsoft Visual Studio Solution File, Format Version 12.00
# Visual Studio Version 17
VisualStudioVersion = 17.0.31903.59
MinimumVisualStudioVersion = 10.0.40219.1
Project("{FAE04EC0-301F-11D3-BF4B-00C04F79EFBC}") = "smelly-mars-rover.App", "smelly-mars-rover.App\smelly-mars-rover.App.csproj", "{3176BA15-73B6-4109-9C58-C5EF83C3A7A3}"
EndProject
Project("{FAE04EC0-301F-11D3-BF4B-00C04F79EFBC}") = "smelly-mars-rover.Tests", "smelly-mars-rover.Tests\smelly-mars-rover.Tests.csproj", "{B798E86F-E0B0-4CAB-99D4-6B2753202F5D}"
EndProject
Project("{FAE04EC0-301F-11D3-BF4B-00C04F79EFBC}") = "smelly-mars-rover.Docs", "smelly-mars-rover.Docs\smelly-mars-rover.Docs.csproj", "{0764FC90-493B-4EA4-9F14-FC61B7B73D72}"
EndProject
Global
	GlobalSection(SolutionConfigurationPlatforms) = preSolution
		Debug|Any CPU = Debug|Any CPU
		Debug|x64 = Debug|x64
		Debug|x86 = Debug|x86
		Release|Any CPU = Release|Any CPU
		Release|x64 = Release|x64
		Release|x86 = Release|x86
	EndGlobalSection
	GlobalSection(ProjectConfigurationPlatforms) = postSolution
		{3176BA15-73B6-4109-9C58-C5EF83C3A7A3}.Debug|Any CPU.ActiveCfg = Debug|Any CPU
		{3176BA15-73B6-4109-9C58-C5EF83C3A7A3}.Debug|Any CPU.Build.0 = Debug|Any CPU
		{3176BA15-73B6-4109-9C58-C5EF83C3A7A3}.Debug|x64.ActiveCfg = Debug|Any CPU
		{3176BA15-73B6-4109-9C58-C5EF83C3A7A3}.Debug|x64.Build.0 = Debug|Any CPU
		{3176BA15-73B6-4109-9C58-C5EF83C3A7A3}.Debug|x86.ActiveCfg = Debug|Any CPU
		{3176BA15-73B6-4109-9C58-C5EF83C3A7A3}.Debug|x86.Build.0 = Debug|Any CPU
		{3176BA15-73B6-4109-9C58-C5EF83C3A7A3}.Release|Any CPU.ActiveCfg = Release|Any CPU
		{3176BA15-73B6-4109-9C58-C5EF83C3A7A3}.Release|Any CPU.Build.0 = Release|Any CPU
		{3176BA15-73B6-4109-9C58-C5EF83C3A7A3}.Release|x64.ActiveCfg = Release|Any CPU
		{3176BA15-73B6-4109-9C58-C5EF83C3A7A3}.Release|x64.Build.0 = Release|Any CPU
		{3176BA15-73B6-4109-9C58-C5EF83C3A7A3}.Release|x86.ActiveCfg = Release|Any CPU
		{3176BA15-73B6-4109-9C58-C5EF83C3A7A3}.Release|x86.Build.0 = Release|Any CPU
		{B798E86F-E0B0-4CAB-99D4-6B2753202F5D}.Debug|Any CPU.ActiveCfg = Debug|Any CPU
		{B798E86F-E0B0-4CAB-99D4-6B2753202F5D}.Debug|Any CPU.Build.0 = Debug|Any CPU
		{B798E86F-E0B0-4CAB-99D4-6B2753202F5D}.Debug|x64.ActiveCfg = Debug|Any CPU
		{B798E86F-E0B0-4CAB-99D4-6B2753202F5D}.Debug|x64.Build.0 = Debug|Any CPU
		{B798E86F-E0B0-4CAB-99D4-6B2753202F5D}.Debug|x86.ActiveCfg = Debug|Any CPU
		{B798E86F-E0B0-4CAB-99D4-6B2753202F5D}.Debug|x86.Build.0 = Debug|Any CPU
		{B798E86F-E0B0-4CAB-99D4-6B2753202F5D}.Release|Any CPU.ActiveCfg = Release|Any CPU
		{B798E86F-E0B0-4CAB-99D4-6B2753202F5D}.Release|Any CPU.Build.0 = Release|Any CPU
		{B798E86F-E0B0-4CAB-99D4-6B2753202F5D}.Release|x64.ActiveCfg = Release|Any CPU
		{B798E86F-E0B0-4CAB-99D4-6B2753202F5D}.Release|x64.Build.0 = Release|Any CPU
		{B798E86F-E0B0-4CAB-99D4-6B2753202F5D}.Release|x86.ActiveCfg = Release|Any CPU
		{B798E86F-E0B0-4CAB-99D4-6B2753202F5D}.Release|x86.Build.0 = Release|Any CPU
		{0764FC90-493B-4EA4-9F14-FC61B7B73D72}.Debug|Any CPU.ActiveCfg = Debug|Any CPU
		{0764FC90-493B-4EA4-9F14-FC61B7B73D72}.Debug|Any CPU.Build.0 = Debug|Any CPU
		{0764FC90-493B-4EA4-9F14-FC61B7B73D72}.Debug|x64.ActiveCfg = Debug|Any CPU
		{0764FC90-493B-4EA4-9F14-FC61B7B73D72}.Debug|x64.Build.0 = Debug|Any CPU
		{0764FC90-493B-4EA4-9F14-FC61B7B73D72}.Debug|x86.ActiveCfg = Debug|Any CPU
		{0764FC90-493B-4EA4-9F14-FC61B7B73D72}.Debug|x86.Build.0 = Debug|Any CPU
		{0764FC90-493B-4EA4-9F14-FC61B7B73D72}.Release|Any CPU.ActiveCfg = Release|Any CPU
		{0764FC90-493B-4EA4-9F14-FC61B7B73D72}.Release|Any CPU.Build.0 = Release|Any CPU
		{0764FC90-493B-4EA4-9F14-FC61B7B73D72}.Release|x64.ActiveCfg = Release|Any CPU
		{0764FC90-493B-4EA4-9F14-FC61B7B73D72}.Release|x64.Build.0 = Release|Any CPU
		{0764FC90-493B-4EA4-9F14-FC61B7B73D72}.Release|x86.ActiveCfg = Release|Any CPU
		{0764FC90-493B-4EA4-9F14-FC61B7B73D72}.Release|x86.Build.0 = Release|Any CPU
	EndGlobalSection
	GlobalSection(SolutionProperties) = preSolution
		HideSolutionNode = FALSE
	EndGlobalSection
EndGlobal
